
Microsoft Visual Studio Solution File, Format Version 12.00
# Visual Studio Version 17
VisualStudioVersion = 17.1.32414.318
MinimumVisualStudioVersion = 10.0.40219.1
Project("{9A19103F-16F7-4668-BE54-9A1E7A4F7556}") = "TestTutorialApp", "TestTutorialApp\TestTutorialApp.csproj", "{4DCD2222-4600-4D8F-82DC-363E4BC1EDAC}"
EndProject
Project("{9A19103F-16F7-4668-BE54-9A1E7A4F7556}") = "CommonData", "CommonData\CommonData.csproj", "{E5ECA0CB-B13E-4883-B138-20686E61DCE5}"
EndProject
Project("{9A19103F-16F7-4668-BE54-9A1E7A4F7556}") = "FunctionApp1", "FunctionApp1\FunctionApp1.csproj", "{12C95A6E-6334-4AAE-8CBF-DC960FE978A6}"
EndProject
Global
	GlobalSection(SolutionConfigurationPlatforms) = preSolution
		Debug|Any CPU = Debug|Any CPU
		Release|Any CPU = Release|Any CPU
	EndGlobalSection
	GlobalSection(ProjectConfigurationPlatforms) = postSolution
		{4DCD2222-4600-4D8F-82DC-363E4BC1EDAC}.Debug|Any CPU.ActiveCfg = Debug|Any CPU
		{4DCD2222-4600-4D8F-82DC-363E4BC1EDAC}.Debug|Any CPU.Build.0 = Debug|Any CPU
		{4DCD2222-4600-4D8F-82DC-363E4BC1EDAC}.Release|Any CPU.ActiveCfg = Release|Any CPU
		{4DCD2222-4600-4D8F-82DC-363E4BC1EDAC}.Release|Any CPU.Build.0 = Release|Any CPU
		{E5ECA0CB-B13E-4883-B138-20686E61DCE5}.Debug|Any CPU.ActiveCfg = Debug|Any CPU
		{E5ECA0CB-B13E-4883-B138-20686E61DCE5}.Debug|Any CPU.Build.0 = Debug|Any CPU
		{E5ECA0CB-B13E-4883-B138-20686E61DCE5}.Release|Any CPU.ActiveCfg = Release|Any CPU
		{E5ECA0CB-B13E-4883-B138-20686E61DCE5}.Release|Any CPU.Build.0 = Release|Any CPU
		{12C95A6E-6334-4AAE-8CBF-DC960FE978A6}.Debug|Any CPU.ActiveCfg = Debug|Any CPU
		{12C95A6E-6334-4AAE-8CBF-DC960FE978A6}.Debug|Any CPU.Build.0 = Debug|Any CPU
		{12C95A6E-6334-4AAE-8CBF-DC960FE978A6}.Release|Any CPU.ActiveCfg = Release|Any CPU
		{12C95A6E-6334-4AAE-8CBF-DC960FE978A6}.Release|Any CPU.Build.0 = Release|Any CPU
	EndGlobalSection
	GlobalSection(SolutionProperties) = preSolution
		HideSolutionNode = FALSE
	EndGlobalSection
	GlobalSection(ExtensibilityGlobals) = postSolution
		SolutionGuid = {39A68DCD-BA90-440F-A763-5E8EB6B37349}
	EndGlobalSection
EndGlobal
